
Microsoft Visual Studio Solution File, Format Version 12.00
# Visual Studio Version 17
VisualStudioVersion = 17.0.31903.59
MinimumVisualStudioVersion = 10.0.40219.1
Project("{FAE04EC0-301F-11D3-BF4B-00C04F79EFBC}") = "Catalog.API", "Services\Catalog\Catalog.API\Catalog.API.csproj", "{8CE32046-B53F-426E-90CC-EA858AE3DACC}"
EndProject
Project("{2150E333-8FDC-42A3-9474-1A3956D46DE8}") = "BuildingBlocks", "BuildingBlocks", "{34990D4F-D03B-4FA1-AFD1-56D3FDA940B3}"
EndProject
Project("{FAE04EC0-301F-11D3-BF4B-00C04F79EFBC}") = "BuildingBlocks", "BuildingBlocks\BuildingBlocks\BuildingBlocks.csproj", "{B283C4E9-71C8-413D-829D-FBE8F63A5691}"
EndProject
Project("{2150E333-8FDC-42A3-9474-1A3956D46DE8}") = "Solution Items", "Solution Items", "{B263C10D-C3B3-46DC-A9EF-00621586D8A8}"
	ProjectSection(SolutionItems) = preProject
		docker-compose.yml = docker-compose.yml
	EndProjectSection
EndProject
Project("{FAE04EC0-301F-11D3-BF4B-00C04F79EFBC}") = "Basket.API", "Services\Basket\Basket.API\Basket.API.csproj", "{954B2DFA-9B2A-4CCA-9881-6D582A06E589}"
EndProject
Project("{FAE04EC0-301F-11D3-BF4B-00C04F79EFBC}") = "Discounts.Grpc", "Services\Discounts\Discounts.Grpc\Discounts.Grpc.csproj", "{9B095CEE-BDC8-42CC-9B54-1584EFD06CE4}"
EndProject
Project("{FAE04EC0-301F-11D3-BF4B-00C04F79EFBC}") = "Ordering.API", "Services\Ordering\Ordering.API\Ordering.API.csproj", "{E40238F7-6F6E-4DA4-AEAE-B75709596ACB}"
EndProject
Project("{FAE04EC0-301F-11D3-BF4B-00C04F79EFBC}") = "Ordering.Domain", "Services\Ordering\Ordering.Domain\Ordering.Domain.csproj", "{52F56172-F817-4B8F-AC15-3CD70EF35A17}"
EndProject
Project("{FAE04EC0-301F-11D3-BF4B-00C04F79EFBC}") = "Ordering.Application", "Services\Ordering\Ordering.Application\Ordering.Application.csproj", "{5DFF1D0A-6210-4F43-A757-666FD24CD020}"
EndProject
Project("{FAE04EC0-301F-11D3-BF4B-00C04F79EFBC}") = "Ordering.Infrastructure", "Services\Ordering\Ordering.Infrastructure\Ordering.Infrastructure.csproj", "{C04465EF-B0B5-4EC2-ABEA-BE8E5176BE29}"
EndProject
Project("{FAE04EC0-301F-11D3-BF4B-00C04F79EFBC}") = "BuildingBlocks.Messaging", "BuildingBlocks\BuildingBlocks.Messaging\BuildingBlocks.Messaging.csproj", "{C6BD2DE3-9466-49D0-9F1D-CC50986053BC}"
EndProject
Project("{2150E333-8FDC-42A3-9474-1A3956D46DE8}") = "ApiGateways", "ApiGateways", "{30615177-BBBC-4E66-B025-47874C9871A6}"
EndProject
Project("{FAE04EC0-301F-11D3-BF4B-00C04F79EFBC}") = "ApiGateways", "ApiGateways\ApiGateways\ApiGateways.csproj", "{0DBEF5B5-FFF9-40B5-8598-F9470C6D7A19}"
EndProject
Global
	GlobalSection(SolutionConfigurationPlatforms) = preSolution
		Debug|Any CPU = Debug|Any CPU
		Release|Any CPU = Release|Any CPU
	EndGlobalSection
	GlobalSection(SolutionProperties) = preSolution
		HideSolutionNode = FALSE
	EndGlobalSection
	GlobalSection(NestedProjects) = preSolution
		{B283C4E9-71C8-413D-829D-FBE8F63A5691} = {34990D4F-D03B-4FA1-AFD1-56D3FDA940B3}
		{C6BD2DE3-9466-49D0-9F1D-CC50986053BC} = {34990D4F-D03B-4FA1-AFD1-56D3FDA940B3}
		{0DBEF5B5-FFF9-40B5-8598-F9470C6D7A19} = {30615177-BBBC-4E66-B025-47874C9871A6}
	EndGlobalSection
	GlobalSection(ProjectConfigurationPlatforms) = postSolution
		{8CE32046-B53F-426E-90CC-EA858AE3DACC}.Debug|Any CPU.ActiveCfg = Debug|Any CPU
		{8CE32046-B53F-426E-90CC-EA858AE3DACC}.Debug|Any CPU.Build.0 = Debug|Any CPU
		{8CE32046-B53F-426E-90CC-EA858AE3DACC}.Release|Any CPU.ActiveCfg = Release|Any CPU
		{8CE32046-B53F-426E-90CC-EA858AE3DACC}.Release|Any CPU.Build.0 = Release|Any CPU
		{B283C4E9-71C8-413D-829D-FBE8F63A5691}.Debug|Any CPU.ActiveCfg = Debug|Any CPU
		{B283C4E9-71C8-413D-829D-FBE8F63A5691}.Debug|Any CPU.Build.0 = Debug|Any CPU
		{B283C4E9-71C8-413D-829D-FBE8F63A5691}.Release|Any CPU.ActiveCfg = Release|Any CPU
		{B283C4E9-71C8-413D-829D-FBE8F63A5691}.Release|Any CPU.Build.0 = Release|Any CPU
		{954B2DFA-9B2A-4CCA-9881-6D582A06E589}.Debug|Any CPU.ActiveCfg = Debug|Any CPU
		{954B2DFA-9B2A-4CCA-9881-6D582A06E589}.Debug|Any CPU.Build.0 = Debug|Any CPU
		{954B2DFA-9B2A-4CCA-9881-6D582A06E589}.Release|Any CPU.ActiveCfg = Release|Any CPU
		{954B2DFA-9B2A-4CCA-9881-6D582A06E589}.Release|Any CPU.Build.0 = Release|Any CPU
		{9B095CEE-BDC8-42CC-9B54-1584EFD06CE4}.Debug|Any CPU.ActiveCfg = Debug|Any CPU
		{9B095CEE-BDC8-42CC-9B54-1584EFD06CE4}.Debug|Any CPU.Build.0 = Debug|Any CPU
		{9B095CEE-BDC8-42CC-9B54-1584EFD06CE4}.Release|Any CPU.ActiveCfg = Release|Any CPU
		{9B095CEE-BDC8-42CC-9B54-1584EFD06CE4}.Release|Any CPU.Build.0 = Release|Any CPU
		{E40238F7-6F6E-4DA4-AEAE-B75709596ACB}.Debug|Any CPU.ActiveCfg = Debug|Any CPU
		{E40238F7-6F6E-4DA4-AEAE-B75709596ACB}.Debug|Any CPU.Build.0 = Debug|Any CPU
		{E40238F7-6F6E-4DA4-AEAE-B75709596ACB}.Release|Any CPU.ActiveCfg = Release|Any CPU
		{E40238F7-6F6E-4DA4-AEAE-B75709596ACB}.Release|Any CPU.Build.0 = Release|Any CPU
		{52F56172-F817-4B8F-AC15-3CD70EF35A17}.Debug|Any CPU.ActiveCfg = Debug|Any CPU
		{52F56172-F817-4B8F-AC15-3CD70EF35A17}.Debug|Any CPU.Build.0 = Debug|Any CPU
		{52F56172-F817-4B8F-AC15-3CD70EF35A17}.Release|Any CPU.ActiveCfg = Release|Any CPU
		{52F56172-F817-4B8F-AC15-3CD70EF35A17}.Release|Any CPU.Build.0 = Release|Any CPU
		{5DFF1D0A-6210-4F43-A757-666FD24CD020}.Debug|Any CPU.ActiveCfg = Debug|Any CPU
		{5DFF1D0A-6210-4F43-A757-666FD24CD020}.Debug|Any CPU.Build.0 = Debug|Any CPU
		{5DFF1D0A-6210-4F43-A757-666FD24CD020}.Release|Any CPU.ActiveCfg = Release|Any CPU
		{5DFF1D0A-6210-4F43-A757-666FD24CD020}.Release|Any CPU.Build.0 = Release|Any CPU
		{C04465EF-B0B5-4EC2-ABEA-BE8E5176BE29}.Debug|Any CPU.ActiveCfg = Debug|Any CPU
		{C04465EF-B0B5-4EC2-ABEA-BE8E5176BE29}.Debug|Any CPU.Build.0 = Debug|Any CPU
		{C04465EF-B0B5-4EC2-ABEA-BE8E5176BE29}.Release|Any CPU.ActiveCfg = Release|Any CPU
		{C04465EF-B0B5-4EC2-ABEA-BE8E5176BE29}.Release|Any CPU.Build.0 = Release|Any CPU
		{C6BD2DE3-9466-49D0-9F1D-CC50986053BC}.Debug|Any CPU.ActiveCfg = Debug|Any CPU
		{C6BD2DE3-9466-49D0-9F1D-CC50986053BC}.Debug|Any CPU.Build.0 = Debug|Any CPU
		{C6BD2DE3-9466-49D0-9F1D-CC50986053BC}.Release|Any CPU.ActiveCfg = Release|Any CPU
		{C6BD2DE3-9466-49D0-9F1D-CC50986053BC}.Release|Any CPU.Build.0 = Release|Any CPU
		{0DBEF5B5-FFF9-40B5-8598-F9470C6D7A19}.Debug|Any CPU.ActiveCfg = Debug|Any CPU
		{0DBEF5B5-FFF9-40B5-8598-F9470C6D7A19}.Debug|Any CPU.Build.0 = Debug|Any CPU
		{0DBEF5B5-FFF9-40B5-8598-F9470C6D7A19}.Release|Any CPU.ActiveCfg = Release|Any CPU
		{0DBEF5B5-FFF9-40B5-8598-F9470C6D7A19}.Release|Any CPU.Build.0 = Release|Any CPU
	EndGlobalSection
EndGlobal
