
Microsoft Visual Studio Solution File, Format Version 12.00
# Visual Studio Version 17
VisualStudioVersion = 17.0.31903.59
MinimumVisualStudioVersion = 10.0.40219.1
Project("{FAE04EC0-301F-11D3-BF4B-00C04F79EFBC}") = "Catalog.API", "Services\Catalog\Catalog.API\Catalog.API.csproj", "{8CE32046-B53F-426E-90CC-EA858AE3DACC}"
EndProject
Project("{2150E333-8FDC-42A3-9474-1A3956D46DE8}") = "BuildingBlocks", "BuildingBlocks", "{34990D4F-D03B-4FA1-AFD1-56D3FDA940B3}"
EndProject
Project("{FAE04EC0-301F-11D3-BF4B-00C04F79EFBC}") = "BuildingBlocks", "BuildingBlocks\BuildingBlocks\BuildingBlocks.csproj", "{B283C4E9-71C8-413D-829D-FBE8F63A5691}"
EndProject
Project("{2150E333-8FDC-42A3-9474-1A3956D46DE8}") = "Solution Items", "Solution Items", "{B263C10D-C3B3-46DC-A9EF-00621586D8A8}"
	ProjectSection(SolutionItems) = preProject
		docker-compose.yml = docker-compose.yml
	EndProjectSection
EndProject
Project("{FAE04EC0-301F-11D3-BF4B-00C04F79EFBC}") = "Basket.API", "Services\Basket\Basket.API\Basket.API.csproj", "{954B2DFA-9B2A-4CCA-9881-6D582A06E589}"
EndProject
Project("{FAE04EC0-301F-11D3-BF4B-00C04F79EFBC}") = "Discounts.Grpc", "Services\Discounts\Discounts.Grpc\Discounts.Grpc.csproj", "{9B095CEE-BDC8-42CC-9B54-1584EFD06CE4}"
EndProject
Project("{FAE04EC0-301F-11D3-BF4B-00C04F79EFBC}") = "Ordering.API", "Services\Ordering\Ordering.API\Ordering.API.csproj", "{E40238F7-6F6E-4DA4-AEAE-B75709596ACB}"
EndProject
Global
	GlobalSection(SolutionConfigurationPlatforms) = preSolution
		Debug|Any CPU = Debug|Any CPU
		Release|Any CPU = Release|Any CPU
	EndGlobalSection
	GlobalSection(SolutionProperties) = preSolution
		HideSolutionNode = FALSE
	EndGlobalSection
	GlobalSection(NestedProjects) = preSolution
		{B283C4E9-71C8-413D-829D-FBE8F63A5691} = {34990D4F-D03B-4FA1-AFD1-56D3FDA940B3}
	EndGlobalSection
	GlobalSection(ProjectConfigurationPlatforms) = postSolution
		{8CE32046-B53F-426E-90CC-EA858AE3DACC}.Debug|Any CPU.ActiveCfg = Debug|Any CPU
		{8CE32046-B53F-426E-90CC-EA858AE3DACC}.Debug|Any CPU.Build.0 = Debug|Any CPU
		{8CE32046-B53F-426E-90CC-EA858AE3DACC}.Release|Any CPU.ActiveCfg = Release|Any CPU
		{8CE32046-B53F-426E-90CC-EA858AE3DACC}.Release|Any CPU.Build.0 = Release|Any CPU
		{B283C4E9-71C8-413D-829D-FBE8F63A5691}.Debug|Any CPU.ActiveCfg = Debug|Any CPU
		{B283C4E9-71C8-413D-829D-FBE8F63A5691}.Debug|Any CPU.Build.0 = Debug|Any CPU
		{B283C4E9-71C8-413D-829D-FBE8F63A5691}.Release|Any CPU.ActiveCfg = Release|Any CPU
		{B283C4E9-71C8-413D-829D-FBE8F63A5691}.Release|Any CPU.Build.0 = Release|Any CPU
		{954B2DFA-9B2A-4CCA-9881-6D582A06E589}.Debug|Any CPU.ActiveCfg = Debug|Any CPU
		{954B2DFA-9B2A-4CCA-9881-6D582A06E589}.Debug|Any CPU.Build.0 = Debug|Any CPU
		{954B2DFA-9B2A-4CCA-9881-6D582A06E589}.Release|Any CPU.ActiveCfg = Release|Any CPU
		{954B2DFA-9B2A-4CCA-9881-6D582A06E589}.Release|Any CPU.Build.0 = Release|Any CPU
		{9B095CEE-BDC8-42CC-9B54-1584EFD06CE4}.Debug|Any CPU.ActiveCfg = Debug|Any CPU
		{9B095CEE-BDC8-42CC-9B54-1584EFD06CE4}.Debug|Any CPU.Build.0 = Debug|Any CPU
		{9B095CEE-BDC8-42CC-9B54-1584EFD06CE4}.Release|Any CPU.ActiveCfg = Release|Any CPU
		{9B095CEE-BDC8-42CC-9B54-1584EFD06CE4}.Release|Any CPU.Build.0 = Release|Any CPU
		{E40238F7-6F6E-4DA4-AEAE-B75709596ACB}.Debug|Any CPU.ActiveCfg = Debug|Any CPU
		{E40238F7-6F6E-4DA4-AEAE-B75709596ACB}.Debug|Any CPU.Build.0 = Debug|Any CPU
		{E40238F7-6F6E-4DA4-AEAE-B75709596ACB}.Release|Any CPU.ActiveCfg = Release|Any CPU
		{E40238F7-6F6E-4DA4-AEAE-B75709596ACB}.Release|Any CPU.Build.0 = Release|Any CPU
	EndGlobalSection
EndGlobal
